
Microsoft Visual Studio Solution File, Format Version 12.00
# Visual Studio 15
VisualStudioVersion = 15.0.27428.2005
MinimumVisualStudioVersion = 10.0.40219.1
Project("{FAE04EC0-301F-11D3-BF4B-00C04F79EFBC}") = "selenium_practice", "selenium_practice\selenium_practice.csproj", "{9D2889B0-EA28-4F55-9B62-3533C5186D9B}"
EndProject
Global
	GlobalSection(SolutionConfigurationPlatforms) = preSolution
		Debug|Any CPU = Debug|Any CPU
		Release|Any CPU = Release|Any CPU
	EndGlobalSection
	GlobalSection(ProjectConfigurationPlatforms) = postSolution
		{9D2889B0-EA28-4F55-9B62-3533C5186D9B}.Debug|Any CPU.ActiveCfg = Debug|Any CPU
		{9D2889B0-EA28-4F55-9B62-3533C5186D9B}.Debug|Any CPU.Build.0 = Debug|Any CPU
		{9D2889B0-EA28-4F55-9B62-3533C5186D9B}.Release|Any CPU.ActiveCfg = Release|Any CPU
		{9D2889B0-EA28-4F55-9B62-3533C5186D9B}.Release|Any CPU.Build.0 = Release|Any CPU
	EndGlobalSection
	GlobalSection(SolutionProperties) = preSolution
		HideSolutionNode = FALSE
	EndGlobalSection
	GlobalSection(ExtensibilityGlobals) = postSolution
		SolutionGuid = {B205B044-7CEA-4E6B-8D8F-E70C1C0A5B49}
	EndGlobalSection
EndGlobal
